
Microsoft Visual Studio Solution File, Format Version 12.00
# Visual Studio Version 17
VisualStudioVersion = 17.11.35312.102
MinimumVisualStudioVersion = 10.0.40219.1
Project("{9A19103F-16F7-4668-BE54-9A1E7A4F7556}") = "CashRegister", "Kassasystem\CashRegister.csproj", "{90B7C994-F548-4C18-BBEC-2E392F3FC05F}"
EndProject
Global
	GlobalSection(SolutionConfigurationPlatforms) = preSolution
		Debug|Any CPU = Debug|Any CPU
		Release|Any CPU = Release|Any CPU
	EndGlobalSection
	GlobalSection(ProjectConfigurationPlatforms) = postSolution
		{90B7C994-F548-4C18-BBEC-2E392F3FC05F}.Debug|Any CPU.ActiveCfg = Debug|Any CPU
		{90B7C994-F548-4C18-BBEC-2E392F3FC05F}.Debug|Any CPU.Build.0 = Debug|Any CPU
		{90B7C994-F548-4C18-BBEC-2E392F3FC05F}.Release|Any CPU.ActiveCfg = Release|Any CPU
		{90B7C994-F548-4C18-BBEC-2E392F3FC05F}.Release|Any CPU.Build.0 = Release|Any CPU
	EndGlobalSection
	GlobalSection(SolutionProperties) = preSolution
		HideSolutionNode = FALSE
	EndGlobalSection
	GlobalSection(ExtensibilityGlobals) = postSolution
		SolutionGuid = {53C32EB9-6926-4E0D-8DFE-C6776FC4436C}
	EndGlobalSection
EndGlobal
